
Microsoft Visual Studio Solution File, Format Version 12.00
# Visual Studio Version 18
VisualStudioVersion = 18.0.11222.15 d18.0
MinimumVisualStudioVersion = 10.0.40219.1
Project("{FAE04EC0-301F-11D3-BF4B-00C04F79EFBC}") = "MovexViewer", "MovexViewer\MovexViewer.csproj", "{E566671C-5D60-4B86-ADD6-17C6558F181D}"
EndProject
Project("{54435603-DBB4-11D2-8724-00A0C9A8B90C}") = "MovexViewerSetup", "MovexViewerSetup\MovexViewerSetup.vdproj", "{C582AC6B-FA35-447A-C052-C86B9ACE45C3}"
EndProject
Global
	GlobalSection(SolutionConfigurationPlatforms) = preSolution
		Debug|Any CPU = Debug|Any CPU
		Release|Any CPU = Release|Any CPU
	EndGlobalSection
	GlobalSection(ProjectConfigurationPlatforms) = postSolution
		{E566671C-5D60-4B86-ADD6-17C6558F181D}.Debug|Any CPU.ActiveCfg = Release|Any CPU
		{E566671C-5D60-4B86-ADD6-17C6558F181D}.Debug|Any CPU.Build.0 = Release|Any CPU
		{E566671C-5D60-4B86-ADD6-17C6558F181D}.Release|Any CPU.ActiveCfg = Release|Any CPU
		{E566671C-5D60-4B86-ADD6-17C6558F181D}.Release|Any CPU.Build.0 = Release|Any CPU
		{C582AC6B-FA35-447A-C052-C86B9ACE45C3}.Debug|Any CPU.ActiveCfg = Release
		{C582AC6B-FA35-447A-C052-C86B9ACE45C3}.Release|Any CPU.ActiveCfg = Release
	EndGlobalSection
	GlobalSection(SolutionProperties) = preSolution
		HideSolutionNode = FALSE
	EndGlobalSection
	GlobalSection(ExtensibilityGlobals) = postSolution
		SolutionGuid = {8D30CFFD-DCEE-46B9-AFAE-E2815A98FF07}
	EndGlobalSection
EndGlobal
